
Microsoft Visual Studio Solution File, Format Version 12.00
# Visual Studio Version 16
VisualStudioVersion = 16.0.31019.35
MinimumVisualStudioVersion = 10.0.40219.1
Project("{FAE04EC0-301F-11D3-BF4B-00C04F79EFBC}") = "MnogoEkzov", "MnogoEkzov.csproj", "{74063D81-0384-4CCA-AD58-5E69B7169D5F}"
EndProject
Global
	GlobalSection(SolutionConfigurationPlatforms) = preSolution
		Debug|Any CPU = Debug|Any CPU
		Release|Any CPU = Release|Any CPU
	EndGlobalSection
	GlobalSection(ProjectConfigurationPlatforms) = postSolution
		{74063D81-0384-4CCA-AD58-5E69B7169D5F}.Debug|Any CPU.ActiveCfg = Debug|Any CPU
		{74063D81-0384-4CCA-AD58-5E69B7169D5F}.Debug|Any CPU.Build.0 = Debug|Any CPU
		{74063D81-0384-4CCA-AD58-5E69B7169D5F}.Release|Any CPU.ActiveCfg = Release|Any CPU
		{74063D81-0384-4CCA-AD58-5E69B7169D5F}.Release|Any CPU.Build.0 = Release|Any CPU
	EndGlobalSection
	GlobalSection(SolutionProperties) = preSolution
		HideSolutionNode = FALSE
	EndGlobalSection
	GlobalSection(ExtensibilityGlobals) = postSolution
		SolutionGuid = {01A2AA26-5EB2-4F1C-A79C-F2A2937C4DE4}
	EndGlobalSection
EndGlobal
